
Microsoft Visual Studio Solution File, Format Version 12.00
Project("{8BC9CEB8-8B4A-11D0-8D11-00A0C91BC942}") = "Base", "Base\Base.vcxproj", "{55664FBD-2292-4A7B-B2D4-1BC86867CA36}"
EndProject
Project("{8BC9CEB8-8B4A-11D0-8D11-00A0C91BC942}") = "Engine", "Engine\Engine.vcxproj", "{28B3FB1D-587F-4AD8-B2AE-E5413EDA1304}"
EndProject
Project("{8BC9CEB8-8B4A-11D0-8D11-00A0C91BC942}") = "Test", "Test\Test.vcxproj", "{CF0BF6C3-0A64-4A5B-8F98-ECCACF320204}"
EndProject
Project("{8BC9CEB8-8B4A-11D0-8D11-00A0C91BC942}") = "Demo", "Demo\Demo.vcxproj", "{5AA2FDBA-72AA-4C11-83FE-CF8F115F95B7}"
EndProject
Project("{8BC9CEB8-8B4A-11D0-8D11-00A0C91BC942}") = "SimpleEngine", "SimpleEngine\SimpleEngine.vcxproj", "{A5C7F169-833A-46BB-8623-1EDEDCE6BA7E}"
EndProject
Global
	GlobalSection(SolutionConfigurationPlatforms) = preSolution
		Debug|Win32 = Debug|Win32
		Debug|x64 = Debug|x64
		Release|Win32 = Release|Win32
		Release|x64 = Release|x64
	EndGlobalSection
	GlobalSection(ProjectConfigurationPlatforms) = postSolution
		{55664FBD-2292-4A7B-B2D4-1BC86867CA36}.Debug|Win32.ActiveCfg = Debug|Win32
		{55664FBD-2292-4A7B-B2D4-1BC86867CA36}.Debug|Win32.Build.0 = Debug|Win32
		{55664FBD-2292-4A7B-B2D4-1BC86867CA36}.Debug|x64.ActiveCfg = Debug|x64
		{55664FBD-2292-4A7B-B2D4-1BC86867CA36}.Debug|x64.Build.0 = Debug|x64
		{55664FBD-2292-4A7B-B2D4-1BC86867CA36}.Release|Win32.ActiveCfg = Release|Win32
		{55664FBD-2292-4A7B-B2D4-1BC86867CA36}.Release|Win32.Build.0 = Release|Win32
		{55664FBD-2292-4A7B-B2D4-1BC86867CA36}.Release|x64.ActiveCfg = Release|x64
		{55664FBD-2292-4A7B-B2D4-1BC86867CA36}.Release|x64.Build.0 = Release|x64
		{28B3FB1D-587F-4AD8-B2AE-E5413EDA1304}.Debug|Win32.ActiveCfg = Debug|Win32
		{28B3FB1D-587F-4AD8-B2AE-E5413EDA1304}.Debug|Win32.Build.0 = Debug|Win32
		{28B3FB1D-587F-4AD8-B2AE-E5413EDA1304}.Debug|x64.ActiveCfg = Debug|x64
		{28B3FB1D-587F-4AD8-B2AE-E5413EDA1304}.Debug|x64.Build.0 = Debug|x64
		{28B3FB1D-587F-4AD8-B2AE-E5413EDA1304}.Release|Win32.ActiveCfg = Release|Win32
		{28B3FB1D-587F-4AD8-B2AE-E5413EDA1304}.Release|Win32.Build.0 = Release|Win32
		{28B3FB1D-587F-4AD8-B2AE-E5413EDA1304}.Release|x64.ActiveCfg = Release|x64
		{28B3FB1D-587F-4AD8-B2AE-E5413EDA1304}.Release|x64.Build.0 = Release|x64
		{CF0BF6C3-0A64-4A5B-8F98-ECCACF320204}.Debug|Win32.ActiveCfg = Debug|Win32
		{CF0BF6C3-0A64-4A5B-8F98-ECCACF320204}.Debug|Win32.Build.0 = Debug|Win32
		{CF0BF6C3-0A64-4A5B-8F98-ECCACF320204}.Debug|x64.ActiveCfg = Debug|x64
		{CF0BF6C3-0A64-4A5B-8F98-ECCACF320204}.Debug|x64.Build.0 = Debug|x64
		{CF0BF6C3-0A64-4A5B-8F98-ECCACF320204}.Release|Win32.ActiveCfg = Release|Win32
		{CF0BF6C3-0A64-4A5B-8F98-ECCACF320204}.Release|Win32.Build.0 = Release|Win32
		{CF0BF6C3-0A64-4A5B-8F98-ECCACF320204}.Release|x64.ActiveCfg = Release|x64
		{CF0BF6C3-0A64-4A5B-8F98-ECCACF320204}.Release|x64.Build.0 = Release|x64
		{5AA2FDBA-72AA-4C11-83FE-CF8F115F95B7}.Debug|Win32.ActiveCfg = Debug|Win32
		{5AA2FDBA-72AA-4C11-83FE-CF8F115F95B7}.Debug|Win32.Build.0 = Debug|Win32
		{5AA2FDBA-72AA-4C11-83FE-CF8F115F95B7}.Debug|x64.ActiveCfg = Debug|x64
		{5AA2FDBA-72AA-4C11-83FE-CF8F115F95B7}.Debug|x64.Build.0 = Debug|x64
		{5AA2FDBA-72AA-4C11-83FE-CF8F115F95B7}.Release|Win32.ActiveCfg = Release|Win32
		{5AA2FDBA-72AA-4C11-83FE-CF8F115F95B7}.Release|Win32.Build.0 = Release|Win32
		{5AA2FDBA-72AA-4C11-83FE-CF8F115F95B7}.Release|x64.ActiveCfg = Release|x64
		{5AA2FDBA-72AA-4C11-83FE-CF8F115F95B7}.Release|x64.Build.0 = Release|x64
		{A5C7F169-833A-46BB-8623-1EDEDCE6BA7E}.Debug|Win32.ActiveCfg = Debug|Win32
		{A5C7F169-833A-46BB-8623-1EDEDCE6BA7E}.Debug|Win32.Build.0 = Debug|Win32
		{A5C7F169-833A-46BB-8623-1EDEDCE6BA7E}.Debug|x64.ActiveCfg = Debug|x64
		{A5C7F169-833A-46BB-8623-1EDEDCE6BA7E}.Debug|x64.Build.0 = Debug|x64
		{A5C7F169-833A-46BB-8623-1EDEDCE6BA7E}.Release|Win32.ActiveCfg = Release|Win32
		{A5C7F169-833A-46BB-8623-1EDEDCE6BA7E}.Release|Win32.Build.0 = Release|Win32
		{A5C7F169-833A-46BB-8623-1EDEDCE6BA7E}.Release|x64.ActiveCfg = Release|x64
		{A5C7F169-833A-46BB-8623-1EDEDCE6BA7E}.Release|x64.Build.0 = Release|x64
	EndGlobalSection
EndGlobal
