
Microsoft Visual Studio Solution File, Format Version 12.00
Project("{8BC9CEB8-8B4A-11D0-8D11-00A0C91BC942}") = "Engine", "Engine\Engine.vcxproj", "{28B3FB1D-587F-4AD8-B2AE-E5413EDA1304}"
EndProject
Project("{8BC9CEB8-8B4A-11D0-8D11-00A0C91BC942}") = "Logger", "Logger\Logger.vcxproj", "{74134BD0-DECB-4163-B5DD-E542DACFA1EB}"
EndProject
Project("{8BC9CEB8-8B4A-11D0-8D11-00A0C91BC942}") = "Exception", "Exception\Exception.vcxproj", "{5497A7E3-19FE-4D08-9C6B-B9E98170DCB8}"
EndProject
Project("{8BC9CEB8-8B4A-11D0-8D11-00A0C91BC942}") = "TimeSystem", "TimeSystem\TimeSystem.vcxproj", "{5FDD9B02-0020-4AFC-8D49-5DA479A6D4D5}"
EndProject
Project("{8BC9CEB8-8B4A-11D0-8D11-00A0C91BC942}") = "Client", "Client\Client.vcxproj", "{776CCD79-3E93-4837-917D-FDE427523D2C}"
EndProject
Project("{8BC9CEB8-8B4A-11D0-8D11-00A0C91BC942}") = "InputSystem", "InputSystem\InputSystem.vcxproj", "{719CA6D1-7D18-4AB1-AB1D-BA35BC7F4C94}"
EndProject
Global
	GlobalSection(SolutionConfigurationPlatforms) = preSolution
		Debug|Win32 = Debug|Win32
		Debug|x64 = Debug|x64
		Release|Win32 = Release|Win32
		Release|x64 = Release|x64
	EndGlobalSection
	GlobalSection(ProjectConfigurationPlatforms) = postSolution
		{28B3FB1D-587F-4AD8-B2AE-E5413EDA1304}.Debug|Win32.ActiveCfg = Debug|Win32
		{28B3FB1D-587F-4AD8-B2AE-E5413EDA1304}.Debug|Win32.Build.0 = Debug|Win32
		{28B3FB1D-587F-4AD8-B2AE-E5413EDA1304}.Debug|x64.ActiveCfg = Debug|x64
		{28B3FB1D-587F-4AD8-B2AE-E5413EDA1304}.Debug|x64.Build.0 = Debug|x64
		{28B3FB1D-587F-4AD8-B2AE-E5413EDA1304}.Release|Win32.ActiveCfg = Release|Win32
		{28B3FB1D-587F-4AD8-B2AE-E5413EDA1304}.Release|Win32.Build.0 = Release|Win32
		{28B3FB1D-587F-4AD8-B2AE-E5413EDA1304}.Release|x64.ActiveCfg = Release|x64
		{28B3FB1D-587F-4AD8-B2AE-E5413EDA1304}.Release|x64.Build.0 = Release|x64
		{74134BD0-DECB-4163-B5DD-E542DACFA1EB}.Debug|Win32.ActiveCfg = Debug|Win32
		{74134BD0-DECB-4163-B5DD-E542DACFA1EB}.Debug|Win32.Build.0 = Debug|Win32
		{74134BD0-DECB-4163-B5DD-E542DACFA1EB}.Debug|x64.ActiveCfg = Debug|x64
		{74134BD0-DECB-4163-B5DD-E542DACFA1EB}.Debug|x64.Build.0 = Debug|x64
		{74134BD0-DECB-4163-B5DD-E542DACFA1EB}.Release|Win32.ActiveCfg = Release|Win32
		{74134BD0-DECB-4163-B5DD-E542DACFA1EB}.Release|Win32.Build.0 = Release|Win32
		{74134BD0-DECB-4163-B5DD-E542DACFA1EB}.Release|x64.ActiveCfg = Release|x64
		{74134BD0-DECB-4163-B5DD-E542DACFA1EB}.Release|x64.Build.0 = Release|x64
		{5497A7E3-19FE-4D08-9C6B-B9E98170DCB8}.Debug|Win32.ActiveCfg = Debug|Win32
		{5497A7E3-19FE-4D08-9C6B-B9E98170DCB8}.Debug|Win32.Build.0 = Debug|Win32
		{5497A7E3-19FE-4D08-9C6B-B9E98170DCB8}.Debug|x64.ActiveCfg = Debug|x64
		{5497A7E3-19FE-4D08-9C6B-B9E98170DCB8}.Debug|x64.Build.0 = Debug|x64
		{5497A7E3-19FE-4D08-9C6B-B9E98170DCB8}.Release|Win32.ActiveCfg = Release|Win32
		{5497A7E3-19FE-4D08-9C6B-B9E98170DCB8}.Release|Win32.Build.0 = Release|Win32
		{5497A7E3-19FE-4D08-9C6B-B9E98170DCB8}.Release|x64.ActiveCfg = Release|x64
		{5497A7E3-19FE-4D08-9C6B-B9E98170DCB8}.Release|x64.Build.0 = Release|x64
		{5FDD9B02-0020-4AFC-8D49-5DA479A6D4D5}.Debug|Win32.ActiveCfg = Debug|Win32
		{5FDD9B02-0020-4AFC-8D49-5DA479A6D4D5}.Debug|Win32.Build.0 = Debug|Win32
		{5FDD9B02-0020-4AFC-8D49-5DA479A6D4D5}.Debug|x64.ActiveCfg = Debug|x64
		{5FDD9B02-0020-4AFC-8D49-5DA479A6D4D5}.Debug|x64.Build.0 = Debug|x64
		{5FDD9B02-0020-4AFC-8D49-5DA479A6D4D5}.Release|Win32.ActiveCfg = Release|Win32
		{5FDD9B02-0020-4AFC-8D49-5DA479A6D4D5}.Release|Win32.Build.0 = Release|Win32
		{5FDD9B02-0020-4AFC-8D49-5DA479A6D4D5}.Release|x64.ActiveCfg = Release|x64
		{5FDD9B02-0020-4AFC-8D49-5DA479A6D4D5}.Release|x64.Build.0 = Release|x64
		{776CCD79-3E93-4837-917D-FDE427523D2C}.Debug|Win32.ActiveCfg = Debug|Win32
		{776CCD79-3E93-4837-917D-FDE427523D2C}.Debug|Win32.Build.0 = Debug|Win32
		{776CCD79-3E93-4837-917D-FDE427523D2C}.Debug|x64.ActiveCfg = Debug|x64
		{776CCD79-3E93-4837-917D-FDE427523D2C}.Debug|x64.Build.0 = Debug|x64
		{776CCD79-3E93-4837-917D-FDE427523D2C}.Release|Win32.ActiveCfg = Release|Win32
		{776CCD79-3E93-4837-917D-FDE427523D2C}.Release|Win32.Build.0 = Release|Win32
		{776CCD79-3E93-4837-917D-FDE427523D2C}.Release|x64.ActiveCfg = Release|x64
		{776CCD79-3E93-4837-917D-FDE427523D2C}.Release|x64.Build.0 = Release|x64
		{719CA6D1-7D18-4AB1-AB1D-BA35BC7F4C94}.Debug|Win32.ActiveCfg = Debug|Win32
		{719CA6D1-7D18-4AB1-AB1D-BA35BC7F4C94}.Debug|Win32.Build.0 = Debug|Win32
		{719CA6D1-7D18-4AB1-AB1D-BA35BC7F4C94}.Debug|x64.ActiveCfg = Debug|x64
		{719CA6D1-7D18-4AB1-AB1D-BA35BC7F4C94}.Debug|x64.Build.0 = Debug|x64
		{719CA6D1-7D18-4AB1-AB1D-BA35BC7F4C94}.Release|Win32.ActiveCfg = Release|Win32
		{719CA6D1-7D18-4AB1-AB1D-BA35BC7F4C94}.Release|Win32.Build.0 = Release|Win32
		{719CA6D1-7D18-4AB1-AB1D-BA35BC7F4C94}.Release|x64.ActiveCfg = Release|x64
		{719CA6D1-7D18-4AB1-AB1D-BA35BC7F4C94}.Release|x64.Build.0 = Release|x64
	EndGlobalSection
EndGlobal
