
Microsoft Visual Studio Solution File, Format Version 12.00
Project("{8BC9CEB8-8B4A-11D0-8D11-00A0C91BC942}") = "Base", "Base\Base.vcxproj", "{55664FBD-2292-4A7B-B2D4-1BC86867CA36}"
EndProject
Project("{8BC9CEB8-8B4A-11D0-8D11-00A0C91BC942}") = "Engine", "Engine\Engine.vcxproj", "{28B3FB1D-587F-4AD8-B2AE-E5413EDA1304}"
EndProject
Project("{8BC9CEB8-8B4A-11D0-8D11-00A0C91BC942}") = "Test", "Test\Test.vcxproj", "{CF0BF6C3-0A64-4A5B-8F98-ECCACF320204}"
EndProject
Project("{8BC9CEB8-8B4A-11D0-8D11-00A0C91BC942}") = "Demo", "Demo\Demo.vcxproj", "{5AA2FDBA-72AA-4C11-83FE-CF8F115F95B7}"
EndProject
Project("{8BC9CEB8-8B4A-11D0-8D11-00A0C91BC942}") = "Logger", "Logger\Logger.vcxproj", "{74134BD0-DECB-4163-B5DD-E542DACFA1EB}"
EndProject
Project("{8BC9CEB8-8B4A-11D0-8D11-00A0C91BC942}") = "ILogger", "ILogger\ILogger.vcxproj", "{9765AB05-1CB1-48B2-A175-F453BFC38860}"
EndProject
Project("{8BC9CEB8-8B4A-11D0-8D11-00A0C91BC942}") = "Exception", "Exception\Exception.vcxproj", "{5497A7E3-19FE-4D08-9C6B-B9E98170DCB8}"
EndProject
Project("{8BC9CEB8-8B4A-11D0-8D11-00A0C91BC942}") = "ITimeSystem", "ITimeSystem\ITimeSystem.vcxproj", "{E90BD8E9-BE58-4C89-B793-D8A267ECA347}"
EndProject
Project("{8BC9CEB8-8B4A-11D0-8D11-00A0C91BC942}") = "TimeSystem", "TimeSystem\TimeSystem.vcxproj", "{5FDD9B02-0020-4AFC-8D49-5DA479A6D4D5}"
EndProject
Global
	GlobalSection(SolutionConfigurationPlatforms) = preSolution
		Debug|Win32 = Debug|Win32
		Debug|x64 = Debug|x64
		Release|Win32 = Release|Win32
		Release|x64 = Release|x64
	EndGlobalSection
	GlobalSection(ProjectConfigurationPlatforms) = postSolution
		{55664FBD-2292-4A7B-B2D4-1BC86867CA36}.Debug|Win32.ActiveCfg = Debug|Win32
		{55664FBD-2292-4A7B-B2D4-1BC86867CA36}.Debug|Win32.Build.0 = Debug|Win32
		{55664FBD-2292-4A7B-B2D4-1BC86867CA36}.Debug|x64.ActiveCfg = Debug|x64
		{55664FBD-2292-4A7B-B2D4-1BC86867CA36}.Debug|x64.Build.0 = Debug|x64
		{55664FBD-2292-4A7B-B2D4-1BC86867CA36}.Release|Win32.ActiveCfg = Release|Win32
		{55664FBD-2292-4A7B-B2D4-1BC86867CA36}.Release|Win32.Build.0 = Release|Win32
		{55664FBD-2292-4A7B-B2D4-1BC86867CA36}.Release|x64.ActiveCfg = Release|x64
		{55664FBD-2292-4A7B-B2D4-1BC86867CA36}.Release|x64.Build.0 = Release|x64
		{28B3FB1D-587F-4AD8-B2AE-E5413EDA1304}.Debug|Win32.ActiveCfg = Debug|Win32
		{28B3FB1D-587F-4AD8-B2AE-E5413EDA1304}.Debug|Win32.Build.0 = Debug|Win32
		{28B3FB1D-587F-4AD8-B2AE-E5413EDA1304}.Debug|x64.ActiveCfg = Debug|x64
		{28B3FB1D-587F-4AD8-B2AE-E5413EDA1304}.Debug|x64.Build.0 = Debug|x64
		{28B3FB1D-587F-4AD8-B2AE-E5413EDA1304}.Release|Win32.ActiveCfg = Release|Win32
		{28B3FB1D-587F-4AD8-B2AE-E5413EDA1304}.Release|Win32.Build.0 = Release|Win32
		{28B3FB1D-587F-4AD8-B2AE-E5413EDA1304}.Release|x64.ActiveCfg = Release|x64
		{28B3FB1D-587F-4AD8-B2AE-E5413EDA1304}.Release|x64.Build.0 = Release|x64
		{CF0BF6C3-0A64-4A5B-8F98-ECCACF320204}.Debug|Win32.ActiveCfg = Debug|Win32
		{CF0BF6C3-0A64-4A5B-8F98-ECCACF320204}.Debug|Win32.Build.0 = Debug|Win32
		{CF0BF6C3-0A64-4A5B-8F98-ECCACF320204}.Debug|x64.ActiveCfg = Debug|x64
		{CF0BF6C3-0A64-4A5B-8F98-ECCACF320204}.Debug|x64.Build.0 = Debug|x64
		{CF0BF6C3-0A64-4A5B-8F98-ECCACF320204}.Release|Win32.ActiveCfg = Release|Win32
		{CF0BF6C3-0A64-4A5B-8F98-ECCACF320204}.Release|Win32.Build.0 = Release|Win32
		{CF0BF6C3-0A64-4A5B-8F98-ECCACF320204}.Release|x64.ActiveCfg = Release|x64
		{CF0BF6C3-0A64-4A5B-8F98-ECCACF320204}.Release|x64.Build.0 = Release|x64
		{5AA2FDBA-72AA-4C11-83FE-CF8F115F95B7}.Debug|Win32.ActiveCfg = Debug|Win32
		{5AA2FDBA-72AA-4C11-83FE-CF8F115F95B7}.Debug|Win32.Build.0 = Debug|Win32
		{5AA2FDBA-72AA-4C11-83FE-CF8F115F95B7}.Debug|x64.ActiveCfg = Debug|x64
		{5AA2FDBA-72AA-4C11-83FE-CF8F115F95B7}.Debug|x64.Build.0 = Debug|x64
		{5AA2FDBA-72AA-4C11-83FE-CF8F115F95B7}.Release|Win32.ActiveCfg = Release|Win32
		{5AA2FDBA-72AA-4C11-83FE-CF8F115F95B7}.Release|Win32.Build.0 = Release|Win32
		{5AA2FDBA-72AA-4C11-83FE-CF8F115F95B7}.Release|x64.ActiveCfg = Release|x64
		{5AA2FDBA-72AA-4C11-83FE-CF8F115F95B7}.Release|x64.Build.0 = Release|x64
		{74134BD0-DECB-4163-B5DD-E542DACFA1EB}.Debug|Win32.ActiveCfg = Debug|Win32
		{74134BD0-DECB-4163-B5DD-E542DACFA1EB}.Debug|Win32.Build.0 = Debug|Win32
		{74134BD0-DECB-4163-B5DD-E542DACFA1EB}.Debug|x64.ActiveCfg = Debug|x64
		{74134BD0-DECB-4163-B5DD-E542DACFA1EB}.Debug|x64.Build.0 = Debug|x64
		{74134BD0-DECB-4163-B5DD-E542DACFA1EB}.Release|Win32.ActiveCfg = Release|Win32
		{74134BD0-DECB-4163-B5DD-E542DACFA1EB}.Release|Win32.Build.0 = Release|Win32
		{74134BD0-DECB-4163-B5DD-E542DACFA1EB}.Release|x64.ActiveCfg = Release|x64
		{74134BD0-DECB-4163-B5DD-E542DACFA1EB}.Release|x64.Build.0 = Release|x64
		{9765AB05-1CB1-48B2-A175-F453BFC38860}.Debug|Win32.ActiveCfg = Debug|Win32
		{9765AB05-1CB1-48B2-A175-F453BFC38860}.Debug|Win32.Build.0 = Debug|Win32
		{9765AB05-1CB1-48B2-A175-F453BFC38860}.Debug|x64.ActiveCfg = Debug|x64
		{9765AB05-1CB1-48B2-A175-F453BFC38860}.Debug|x64.Build.0 = Debug|x64
		{9765AB05-1CB1-48B2-A175-F453BFC38860}.Release|Win32.ActiveCfg = Release|Win32
		{9765AB05-1CB1-48B2-A175-F453BFC38860}.Release|Win32.Build.0 = Release|Win32
		{9765AB05-1CB1-48B2-A175-F453BFC38860}.Release|x64.ActiveCfg = Release|x64
		{9765AB05-1CB1-48B2-A175-F453BFC38860}.Release|x64.Build.0 = Release|x64
		{5497A7E3-19FE-4D08-9C6B-B9E98170DCB8}.Debug|Win32.ActiveCfg = Debug|Win32
		{5497A7E3-19FE-4D08-9C6B-B9E98170DCB8}.Debug|Win32.Build.0 = Debug|Win32
		{5497A7E3-19FE-4D08-9C6B-B9E98170DCB8}.Debug|x64.ActiveCfg = Debug|x64
		{5497A7E3-19FE-4D08-9C6B-B9E98170DCB8}.Debug|x64.Build.0 = Debug|x64
		{5497A7E3-19FE-4D08-9C6B-B9E98170DCB8}.Release|Win32.ActiveCfg = Release|Win32
		{5497A7E3-19FE-4D08-9C6B-B9E98170DCB8}.Release|Win32.Build.0 = Release|Win32
		{5497A7E3-19FE-4D08-9C6B-B9E98170DCB8}.Release|x64.ActiveCfg = Release|x64
		{5497A7E3-19FE-4D08-9C6B-B9E98170DCB8}.Release|x64.Build.0 = Release|x64
		{E90BD8E9-BE58-4C89-B793-D8A267ECA347}.Debug|Win32.ActiveCfg = Debug|Win32
		{E90BD8E9-BE58-4C89-B793-D8A267ECA347}.Debug|Win32.Build.0 = Debug|Win32
		{E90BD8E9-BE58-4C89-B793-D8A267ECA347}.Debug|x64.ActiveCfg = Debug|x64
		{E90BD8E9-BE58-4C89-B793-D8A267ECA347}.Debug|x64.Build.0 = Debug|x64
		{E90BD8E9-BE58-4C89-B793-D8A267ECA347}.Release|Win32.ActiveCfg = Release|Win32
		{E90BD8E9-BE58-4C89-B793-D8A267ECA347}.Release|Win32.Build.0 = Release|Win32
		{E90BD8E9-BE58-4C89-B793-D8A267ECA347}.Release|x64.ActiveCfg = Release|x64
		{E90BD8E9-BE58-4C89-B793-D8A267ECA347}.Release|x64.Build.0 = Release|x64
		{5FDD9B02-0020-4AFC-8D49-5DA479A6D4D5}.Debug|Win32.ActiveCfg = Debug|Win32
		{5FDD9B02-0020-4AFC-8D49-5DA479A6D4D5}.Debug|Win32.Build.0 = Debug|Win32
		{5FDD9B02-0020-4AFC-8D49-5DA479A6D4D5}.Debug|x64.ActiveCfg = Debug|x64
		{5FDD9B02-0020-4AFC-8D49-5DA479A6D4D5}.Debug|x64.Build.0 = Debug|x64
		{5FDD9B02-0020-4AFC-8D49-5DA479A6D4D5}.Release|Win32.ActiveCfg = Release|Win32
		{5FDD9B02-0020-4AFC-8D49-5DA479A6D4D5}.Release|Win32.Build.0 = Release|Win32
		{5FDD9B02-0020-4AFC-8D49-5DA479A6D4D5}.Release|x64.ActiveCfg = Release|x64
		{5FDD9B02-0020-4AFC-8D49-5DA479A6D4D5}.Release|x64.Build.0 = Release|x64
	EndGlobalSection
EndGlobal
