<?xml version="1.0" encoding="utf-8"?>
<Project ToolsVersion="4.0" xmlns="http://schemas.microsoft.com/developer/msbuild/2003">
  <ItemGroup>
    <Filter Include="Source Files">
      <UniqueIdentifier>{4FC737F1-C7A5-4376-A066-2A32D752A2FF}</UniqueIdentifier>
      <Extensions>cpp;c;cc;cxx;def;odl;idl;hpj;bat;asm;asmx</Extensions>
    </Filter>
    <Filter Include="Header Files">
      <UniqueIdentifier>{93995380-89BD-4b04-88EB-625FBE52EBFB}</UniqueIdentifier>
      <Extensions>h;hh;hpp;hxx;hm;inl;inc;ipp;xsd</Extensions>
    </Filter>
    <Filter Include="Resource Files">
      <UniqueIdentifier>{67DA6AB6-F800-4c08-8B7A-83BB121AAD01}</UniqueIdentifier>
      <Extensions>rc;ico;cur;bmp;dlg;rc2;rct;bin;rgs;gif;jpg;jpeg;jpe;resx;tiff;tif;png;wav;mfcribbon-ms</Extensions>
    </Filter>
  </ItemGroup>
  <ItemGroup>
    <ClCompile Include="Clock\Clock.cpp">
      <Filter>Source Files</Filter>
    </ClCompile>
    <ClCompile Include="Clock\MultibyteClock.cpp">
      <Filter>Source Files</Filter>
    </ClCompile>
    <ClCompile Include="Clock\UnicodeClock.cpp">
      <Filter>Source Files</Filter>
    </ClCompile>
    <ClCompile Include="ConsoleLogger\ConsoleLevelLogger.cpp">
      <Filter>Source Files</Filter>
    </ClCompile>
    <ClCompile Include="ConsoleLogger\Multibyte\ConsoleLevelLoggerMultibyte.cpp">
      <Filter>Source Files</Filter>
    </ClCompile>
    <ClCompile Include="ConsoleLogger\Multibyte\ConsoleLoggerMultibyte.cpp">
      <Filter>Source Files</Filter>
    </ClCompile>
    <ClCompile Include="ConsoleLogger\Unicode\ConsoleLevelLoggerUnicode.cpp">
      <Filter>Source Files</Filter>
    </ClCompile>
    <ClCompile Include="ConsoleLogger\Unicode\ConsoleLoggerUnicode.cpp">
      <Filter>Source Files</Filter>
    </ClCompile>
    <ClCompile Include="LevelLogger.cpp">
      <Filter>Source Files</Filter>
    </ClCompile>
    <ClCompile Include="LoggerBase.cpp">
      <Filter>Source Files</Filter>
    </ClCompile>
    <ClCompile Include="pch.cpp">
      <Filter>Source Files</Filter>
    </ClCompile>
    <ClCompile Include="ConsoleLogger\ConsoleLogger.cpp">
      <Filter>Source Files</Filter>
    </ClCompile>
  </ItemGroup>
  <ItemGroup>
    <ClInclude Include="Clock\Clock.h">
      <Filter>Header Files</Filter>
    </ClInclude>
    <ClInclude Include="Clock\MultibyteClock.h">
      <Filter>Header Files</Filter>
    </ClInclude>
    <ClInclude Include="Clock\UnicodeClock.h">
      <Filter>Header Files</Filter>
    </ClInclude>
    <ClInclude Include="ConsoleLogger\ConsoleLevelLogger.h">
      <Filter>Header Files</Filter>
    </ClInclude>
    <ClInclude Include="ConsoleLogger\Multibyte\ConsoleLevelLoggerMultibyte.h">
      <Filter>Header Files</Filter>
    </ClInclude>
    <ClInclude Include="ConsoleLogger\Multibyte\ConsoleLoggerMultibyte.h">
      <Filter>Header Files</Filter>
    </ClInclude>
    <ClInclude Include="ConsoleLogger\Unicode\ConsoleLevelLoggerUnicode.h">
      <Filter>Header Files</Filter>
    </ClInclude>
    <ClInclude Include="ConsoleLogger\Unicode\ConsoleLoggerUnicode.h">
      <Filter>Header Files</Filter>
    </ClInclude>
    <ClInclude Include="Framework.h">
      <Filter>Header Files</Filter>
    </ClInclude>
    <ClInclude Include="LevelLogger.h">
      <Filter>Header Files</Filter>
    </ClInclude>
    <ClInclude Include="LoggerBase.h">
      <Filter>Header Files</Filter>
    </ClInclude>
    <ClInclude Include="pch.h">
      <Filter>Header Files</Filter>
    </ClInclude>
    <ClInclude Include="TargetVersion.h">
      <Filter>Header Files</Filter>
    </ClInclude>
    <ClInclude Include="ConsoleLogger\ConsoleLogger.h">
      <Filter>Header Files</Filter>
    </ClInclude>
    <ClInclude Include="Interfaces\ILogger.h">
      <Filter>Header Files</Filter>
    </ClInclude>
    <ClInclude Include="Interfaces\ILoggerMultibyte.h">
      <Filter>Header Files</Filter>
    </ClInclude>
    <ClInclude Include="Interfaces\ILoggerUnicode.h">
      <Filter>Header Files</Filter>
    </ClInclude>
    <ClInclude Include="LogLevel.h">
      <Filter>Header Files</Filter>
    </ClInclude>
  </ItemGroup>
</Project>